// !$*UTF8*$!
{
	archiveVersion = 1;
	classes = {
	};
	objectVersion = 50;
	objects = {

/* Begin PBXBuildFile section */
		88DA0746264FFC2200D7B27B /* AppDelegate.swift in Sources */ = {isa = PBXBuildFile; fileRef = 88DA0745264FFC2200D7B27B /* AppDelegate.swift */; };
		88DA0748264FFC2200D7B27B /* ContentView.swift in Sources */ = {isa = PBXBuildFile; fileRef = 88DA0747264FFC2200D7B27B /* ContentView.swift */; };
		88DA074A264FFC2200D7B27B /* Assets.xcassets in Resources */ = {isa = PBXBuildFile; fileRef = 88DA0749264FFC2200D7B27B /* Assets.xcassets */; };
		88DA074D264FFC2200D7B27B /* Preview Assets.xcassets in Resources */ = {isa = PBXBuildFile; fileRef = 88DA074C264FFC2200D7B27B /* Preview Assets.xcassets */; };
		88DA0750264FFC2200D7B27B /* Main.storyboard in Resources */ = {isa = PBXBuildFile; fileRef = 88DA074E264FFC2200D7B27B /* Main.storyboard */; };
		88DA075C2650023E00D7B27B /* QR.icns in Resources */ = {isa = PBXBuildFile; fileRef = 88DA075B2650023E00D7B27B /* QR.icns */; };
		88DA077226501F9800D7B27B /* QR.jpg in Resources */ = {isa = PBXBuildFile; fileRef = 88DA077126501F9800D7B27B /* QR.jpg */; };
/* End PBXBuildFile section */

/* Begin PBXFileReference section */
		88DA0742264FFC2200D7B27B /* QR.app */ = {isa = PBXFileReference; explicitFileType = wrapper.application; includeInIndex = 0; path = QR.app; sourceTree = BUILT_PRODUCTS_DIR; };
		88DA0745264FFC2200D7B27B /* AppDelegate.swift */ = {isa = PBXFileReference; lastKnownFileType = sourcecode.swift; path = AppDelegate.swift; sourceTree = "<group>"; };
		88DA0747264FFC2200D7B27B /* ContentView.swift */ = {isa = PBXFileReference; lastKnownFileType = sourcecode.swift; path = ContentView.swift; sourceTree = "<group>"; };
		88DA0749264FFC2200D7B27B /* Assets.xcassets */ = {isa = PBXFileReference; lastKnownFileType = folder.assetcatalog; path = Assets.xcassets; sourceTree = "<group>"; };
		88DA074C264FFC2200D7B27B /* Preview Assets.xcassets */ = {isa = PBXFileReference; lastKnownFileType = folder.assetcatalog; path = "Preview Assets.xcassets"; sourceTree = "<group>"; };
		88DA074F264FFC2200D7B27B /* Base */ = {isa = PBXFileReference; lastKnownFileType = file.storyboard; name = Base; path = Base.lproj/Main.storyboard; sourceTree = "<group>"; };
		88DA0751264FFC2200D7B27B /* Info.plist */ = {isa = PBXFileReference; lastKnownFileType = text.plist.xml; path = Info.plist; sourceTree = "<group>"; };
		88DA0752264FFC2200D7B27B /* QR.entitlements */ = {isa = PBXFileReference; lastKnownFileType = text.plist.entitlements; path = QR.entitlements; sourceTree = "<group>"; };
		88DA075B2650023E00D7B27B /* QR.icns */ = {isa = PBXFileReference; lastKnownFileType = image.icns; path = QR.icns; sourceTree = "<group>"; };
		88DA076B26501D2600D7B27B /* README.md */ = {isa = PBXFileReference; lastKnownFileType = net.daringfireball.markdown; path = README.md; sourceTree = "<group>"; };
		88DA076C26501D5800D7B27B /* LICENSE.md */ = {isa = PBXFileReference; lastKnownFileType = net.daringfireball.markdown; path = LICENSE.md; sourceTree = "<group>"; };
		88DA076F26501ECF00D7B27B /* CREDITS.md */ = {isa = PBXFileReference; lastKnownFileType = net.daringfireball.markdown; path = CREDITS.md; sourceTree = "<group>"; };
		88DA077126501F9800D7B27B /* QR.jpg */ = {isa = PBXFileReference; lastKnownFileType = image.jpeg; path = QR.jpg; sourceTree = "<group>"; };
/* End PBXFileReference section */

/* Begin PBXFrameworksBuildPhase section */
		88DA073F264FFC2200D7B27B /* Frameworks */ = {
			isa = PBXFrameworksBuildPhase;
			buildActionMask = 2147483647;
			files = (
			);
			runOnlyForDeploymentPostprocessing = 0;
		};
/* End PBXFrameworksBuildPhase section */

/* Begin PBXGroup section */
		88DA0739264FFC2200D7B27B = {
			isa = PBXGroup;
			children = (
				88DA077026501F7F00D7B27B /* images */,
				88DA076F26501ECF00D7B27B /* CREDITS.md */,
				88DA076C26501D5800D7B27B /* LICENSE.md */,
				88DA076B26501D2600D7B27B /* README.md */,
				88DA0744264FFC2200D7B27B /* QR */,
				88DA0743264FFC2200D7B27B /* Products */,
			);
			sourceTree = "<group>";
		};
		88DA0743264FFC2200D7B27B /* Products */ = {
			isa = PBXGroup;
			children = (
				88DA0742264FFC2200D7B27B /* QR.app */,
			);
			name = Products;
			sourceTree = "<group>";
		};
		88DA0744264FFC2200D7B27B /* QR */ = {
			isa = PBXGroup;
			children = (
				88DA0745264FFC2200D7B27B /* AppDelegate.swift */,
				88DA0747264FFC2200D7B27B /* ContentView.swift */,
				88DA0749264FFC2200D7B27B /* Assets.xcassets */,
				88DA074E264FFC2200D7B27B /* Main.storyboard */,
				88DA0751264FFC2200D7B27B /* Info.plist */,
				88DA075B2650023E00D7B27B /* QR.icns */,
				88DA0752264FFC2200D7B27B /* QR.entitlements */,
				88DA074B264FFC2200D7B27B /* Preview Content */,
			);
			path = QR;
			sourceTree = "<group>";
		};
		88DA074B264FFC2200D7B27B /* Preview Content */ = {
			isa = PBXGroup;
			children = (
				88DA074C264FFC2200D7B27B /* Preview Assets.xcassets */,
			);
			path = "Preview Content";
			sourceTree = "<group>";
		};
		88DA077026501F7F00D7B27B /* images */ = {
			isa = PBXGroup;
			children = (
				88DA077126501F9800D7B27B /* QR.jpg */,
			);
			path = images;
			sourceTree = "<group>";
		};
/* End PBXGroup section */

/* Begin PBXNativeTarget section */
		88DA0741264FFC2200D7B27B /* QR */ = {
			isa = PBXNativeTarget;
			buildConfigurationList = 88DA0755264FFC2200D7B27B /* Build configuration list for PBXNativeTarget "QR" */;
			buildPhases = (
				88DA073E264FFC2200D7B27B /* Sources */,
				88DA073F264FFC2200D7B27B /* Frameworks */,
				88DA0740264FFC2200D7B27B /* Resources */,
			);
			buildRules = (
			);
			dependencies = (
			);
			name = QR;
			productName = QR;
			productReference = 88DA0742264FFC2200D7B27B /* QR.app */;
			productType = "com.apple.product-type.application";
		};
/* End PBXNativeTarget section */

/* Begin PBXProject section */
		88DA073A264FFC2200D7B27B /* Project object */ = {
			isa = PBXProject;
			attributes = {
				LastSwiftUpdateCheck = 1240;
				LastUpgradeCheck = 1240;
				TargetAttributes = {
					88DA0741264FFC2200D7B27B = {
						CreatedOnToolsVersion = 12.4;
					};
				};
			};
			buildConfigurationList = 88DA073D264FFC2200D7B27B /* Build configuration list for PBXProject "QR" */;
			compatibilityVersion = "Xcode 9.3";
			developmentRegion = en;
			hasScannedForEncodings = 0;
			knownRegions = (
				en,
				Base,
			);
			mainGroup = 88DA0739264FFC2200D7B27B;
			productRefGroup = 88DA0743264FFC2200D7B27B /* Products */;
			projectDirPath = "";
			projectRoot = "";
			targets = (
				88DA0741264FFC2200D7B27B /* QR */,
			);
		};
/* End PBXProject section */

/* Begin PBXResourcesBuildPhase section */
		88DA0740264FFC2200D7B27B /* Resources */ = {
			isa = PBXResourcesBuildPhase;
			buildActionMask = 2147483647;
			files = (
				88DA077226501F9800D7B27B /* QR.jpg in Resources */,
				88DA0750264FFC2200D7B27B /* Main.storyboard in Resources */,
				88DA074D264FFC2200D7B27B /* Preview Assets.xcassets in Resources */,
				88DA074A264FFC2200D7B27B /* Assets.xcassets in Resources */,
				88DA075C2650023E00D7B27B /* QR.icns in Resources */,
			);
			runOnlyForDeploymentPostprocessing = 0;
		};
/* End PBXResourcesBuildPhase section */

/* Begin PBXSourcesBuildPhase section */
		88DA073E264FFC2200D7B27B /* Sources */ = {
			isa = PBXSourcesBuildPhase;
			buildActionMask = 2147483647;
			files = (
				88DA0748264FFC2200D7B27B /* ContentView.swift in Sources */,
				88DA0746264FFC2200D7B27B /* AppDelegate.swift in Sources */,
			);
			runOnlyForDeploymentPostprocessing = 0;
		};
/* End PBXSourcesBuildPhase section */

/* Begin PBXVariantGroup section */
		88DA074E264FFC2200D7B27B /* Main.storyboard */ = {
			isa = PBXVariantGroup;
			children = (
				88DA074F264FFC2200D7B27B /* Base */,
			);
			name = Main.storyboard;
			sourceTree = "<group>";
		};
/* End PBXVariantGroup section */

/* Begin XCBuildConfiguration section */
		88DA0753264FFC2200D7B27B /* Debug */ = {
			isa = XCBuildConfiguration;
			buildSettings = {
				ALWAYS_SEARCH_USER_PATHS = NO;
				CLANG_ANALYZER_NONNULL = YES;
				CLANG_ANALYZER_NUMBER_OBJECT_CONVERSION = YES_AGGRESSIVE;
				CLANG_CXX_LANGUAGE_STANDARD = "gnu++14";
				CLANG_CXX_LIBRARY = "libc++";
				CLANG_ENABLE_MODULES = YES;
				CLANG_ENABLE_OBJC_ARC = YES;
				CLANG_ENABLE_OBJC_WEAK = YES;
				CLANG_WARN_BLOCK_CAPTURE_AUTORELEASING = YES;
				CLANG_WARN_BOOL_CONVERSION = YES;
				CLANG_WARN_COMMA = YES;
				CLANG_WARN_CONSTANT_CONVERSION = YES;
				CLANG_WARN_DEPRECATED_OBJC_IMPLEMENTATIONS = YES;
				CLANG_WARN_DIRECT_OBJC_ISA_USAGE = YES_ERROR;
				CLANG_WARN_DOCUMENTATION_COMMENTS = YES;
				CLANG_WARN_EMPTY_BODY = YES;
				CLANG_WARN_ENUM_CONVERSION = YES;
				CLANG_WARN_INFINITE_RECURSION = YES;
				CLANG_WARN_INT_CONVERSION = YES;
				CLANG_WARN_NON_LITERAL_NULL_CONVERSION = YES;
				CLANG_WARN_OBJC_IMPLICIT_RETAIN_SELF = YES;
				CLANG_WARN_OBJC_LITERAL_CONVERSION = YES;
				CLANG_WARN_OBJC_ROOT_CLASS = YES_ERROR;
				CLANG_WARN_QUOTED_INCLUDE_IN_FRAMEWORK_HEADER = YES;
				CLANG_WARN_RANGE_LOOP_ANALYSIS = YES;
				CLANG_WARN_STRICT_PROTOTYPES = YES;
				CLANG_WARN_SUSPICIOUS_MOVE = YES;
				CLANG_WARN_UNGUARDED_AVAILABILITY = YES_AGGRESSIVE;
				CLANG_WARN_UNREACHABLE_CODE = YES;
				CLANG_WARN__DUPLICATE_METHOD_MATCH = YES;
				COPY_PHASE_STRIP = NO;
				DEBUG_INFORMATION_FORMAT = dwarf;
				ENABLE_STRICT_OBJC_MSGSEND = YES;
				ENABLE_TESTABILITY = YES;
				GCC_C_LANGUAGE_STANDARD = gnu11;
				GCC_DYNAMIC_NO_PIC = NO;
				GCC_NO_COMMON_BLOCKS = YES;
				GCC_OPTIMIZATION_LEVEL = 0;
				GCC_PREPROCESSOR_DEFINITIONS = (
					"DEBUG=1",
					"$(inherited)",
				);
				GCC_WARN_64_TO_32_BIT_CONVERSION = YES;
				GCC_WARN_ABOUT_RETURN_TYPE = YES_ERROR;
				GCC_WARN_UNDECLARED_SELECTOR = YES;
				GCC_WARN_UNINITIALIZED_AUTOS = YES_AGGRESSIVE;
				GCC_WARN_UNUSED_FUNCTION = YES;
				GCC_WARN_UNUSED_VARIABLE = YES;
				MACOSX_DEPLOYMENT_TARGET = 11.1;
				MTL_ENABLE_DEBUG_INFO = INCLUDE_SOURCE;
				MTL_FAST_MATH = YES;
				ONLY_ACTIVE_ARCH = YES;
				SDKROOT = macosx;
				SWIFT_ACTIVE_COMPILATION_CONDITIONS = DEBUG;
				SWIFT_OPTIMIZATION_LEVEL = "-Onone";
			};
			name = Debug;
		};
		88DA0754264FFC2200D7B27B /* Release */ = {
			isa = XCBuildConfiguration;
			buildSettings = {
				ALWAYS_SEARCH_USER_PATHS = NO;
				CLANG_ANALYZER_NONNULL = YES;
				CLANG_ANALYZER_NUMBER_OBJECT_CONVERSION = YES_AGGRESSIVE;
				CLANG_CXX_LANGUAGE_STANDARD = "gnu++14";
				CLANG_CXX_LIBRARY = "libc++";
				CLANG_ENABLE_MODULES = YES;
				CLANG_ENABLE_OBJC_ARC = YES;
				CLANG_ENABLE_OBJC_WEAK = YES;
				CLANG_WARN_BLOCK_CAPTURE_AUTORELEASING = YES;
				CLANG_WARN_BOOL_CONVERSION = YES;
				CLANG_WARN_COMMA = YES;
				CLANG_WARN_CONSTANT_CONVERSION = YES;
				CLANG_WARN_DEPRECATED_OBJC_IMPLEMENTATIONS = YES;
				CLANG_WARN_DIRECT_OBJC_ISA_USAGE = YES_ERROR;
				CLANG_WARN_DOCUMENTATION_COMMENTS = YES;
				CLANG_WARN_EMPTY_BODY = YES;
				CLANG_WARN_ENUM_CONVERSION = YES;
				CLANG_WARN_INFINITE_RECURSION = YES;
				CLANG_WARN_INT_CONVERSION = YES;
				CLANG_WARN_NON_LITERAL_NULL_CONVERSION = YES;
				CLANG_WARN_OBJC_IMPLICIT_RETAIN_SELF = YES;
				CLANG_WARN_OBJC_LITERAL_CONVERSION = YES;
				CLANG_WARN_OBJC_ROOT_CLASS = YES_ERROR;
				CLANG_WARN_QUOTED_INCLUDE_IN_FRAMEWORK_HEADER = YES;
				CLANG_WARN_RANGE_LOOP_ANALYSIS = YES;
				CLANG_WARN_STRICT_PROTOTYPES = YES;
				CLANG_WARN_SUSPICIOUS_MOVE = YES;
				CLANG_WARN_UNGUARDED_AVAILABILITY = YES_AGGRESSIVE;
				CLANG_WARN_UNREACHABLE_CODE = YES;
				CLANG_WARN__DUPLICATE_METHOD_MATCH = YES;
				COPY_PHASE_STRIP = NO;
				DEBUG_INFORMATION_FORMAT = "dwarf-with-dsym";
				ENABLE_NS_ASSERTIONS = NO;
				ENABLE_STRICT_OBJC_MSGSEND = YES;
				GCC_C_LANGUAGE_STANDARD = gnu11;
				GCC_NO_COMMON_BLOCKS = YES;
				GCC_WARN_64_TO_32_BIT_CONVERSION = YES;
				GCC_WARN_ABOUT_RETURN_TYPE = YES_ERROR;
				GCC_WARN_UNDECLARED_SELECTOR = YES;
				GCC_WARN_UNINITIALIZED_AUTOS = YES_AGGRESSIVE;
				GCC_WARN_UNUSED_FUNCTION = YES;
				GCC_WARN_UNUSED_VARIABLE = YES;
				MACOSX_DEPLOYMENT_TARGET = 11.1;
				MTL_ENABLE_DEBUG_INFO = NO;
				MTL_FAST_MATH = YES;
				SDKROOT = macosx;
				SWIFT_COMPILATION_MODE = wholemodule;
				SWIFT_OPTIMIZATION_LEVEL = "-O";
			};
			name = Release;
		};
		88DA0756264FFC2200D7B27B /* Debug */ = {
			isa = XCBuildConfiguration;
			buildSettings = {
				ASSETCATALOG_COMPILER_APPICON_NAME = AppIcon;
				ASSETCATALOG_COMPILER_GLOBAL_ACCENT_COLOR_NAME = AccentColor;
				CODE_SIGN_ENTITLEMENTS = QR/QR.entitlements;
				CODE_SIGN_STYLE = Automatic;
				COMBINE_HIDPI_IMAGES = YES;
				DEVELOPMENT_ASSET_PATHS = "\"QR/Preview Content\"";
				DEVELOPMENT_TEAM = F359X7PL6N;
				ENABLE_HARDENED_RUNTIME = YES;
				ENABLE_PREVIEWS = YES;
				INFOPLIST_FILE = QR/Info.plist;
				LD_RUNPATH_SEARCH_PATHS = (
					"$(inherited)",
					"@executable_path/../Frameworks",
				);
				MACOSX_DEPLOYMENT_TARGET = 10.15;
				PRODUCT_BUNDLE_IDENTIFIER = com.simonhochrein.QR;
				PRODUCT_NAME = "$(TARGET_NAME)";
				SWIFT_VERSION = 5.0;
			};
			name = Debug;
		};
		88DA0757264FFC2200D7B27B /* Release */ = {
			isa = XCBuildConfiguration;
			buildSettings = {
				ASSETCATALOG_COMPILER_APPICON_NAME = AppIcon;
				ASSETCATALOG_COMPILER_GLOBAL_ACCENT_COLOR_NAME = AccentColor;
				CODE_SIGN_ENTITLEMENTS = QR/QR.entitlements;
				CODE_SIGN_STYLE = Automatic;
				COMBINE_HIDPI_IMAGES = YES;
				DEVELOPMENT_ASSET_PATHS = "\"QR/Preview Content\"";
				DEVELOPMENT_TEAM = F359X7PL6N;
				ENABLE_HARDENED_RUNTIME = YES;
				ENABLE_PREVIEWS = YES;
				INFOPLIST_FILE = QR/Info.plist;
				LD_RUNPATH_SEARCH_PATHS = (
					"$(inherited)",
					"@executable_path/../Frameworks",
				);
				MACOSX_DEPLOYMENT_TARGET = 10.15;
				PRODUCT_BUNDLE_IDENTIFIER = com.simonhochrein.QR;
				PRODUCT_NAME = "$(TARGET_NAME)";
				SWIFT_VERSION = 5.0;
			};
			name = Release;
		};
/* End XCBuildConfiguration section */

/* Begin XCConfigurationList section */
		88DA073D264FFC2200D7B27B /* Build configuration list for PBXProject "QR" */ = {
			isa = XCConfigurationList;
			buildConfigurations = (
				88DA0753264FFC2200D7B27B /* Debug */,
				88DA0754264FFC2200D7B27B /* Release */,
			);
			defaultConfigurationIsVisible = 0;
			defaultConfigurationName = Release;
		};
		88DA0755264FFC2200D7B27B /* Build configuration list for PBXNativeTarget "QR" */ = {
			isa = XCConfigurationList;
			buildConfigurations = (
				88DA0756264FFC2200D7B27B /* Debug */,
				88DA0757264FFC2200D7B27B /* Release */,
			);
			defaultConfigurationIsVisible = 0;
			defaultConfigurationName = Release;
		};
/* End XCConfigurationList section */
	};
	rootObject = 88DA073A264FFC2200D7B27B /* Project object */;
}
